
Microsoft Visual Studio Solution File, Format Version 12.00
# Visual Studio Version 17
VisualStudioVersion = 17.4.33213.308
MinimumVisualStudioVersion = 10.0.40219.1
Project("{FAE04EC0-301F-11D3-BF4B-00C04F79EFBC}") = "asyncWait", "asyncWait.csproj", "{8F1332AE-A31A-419A-9482-6BA8154284A3}"
EndProject
Global
	GlobalSection(SolutionConfigurationPlatforms) = preSolution
		Debug|Any CPU = Debug|Any CPU
		Release|Any CPU = Release|Any CPU
	EndGlobalSection
	GlobalSection(ProjectConfigurationPlatforms) = postSolution
		{8F1332AE-A31A-419A-9482-6BA8154284A3}.Debug|Any CPU.ActiveCfg = Debug|Any CPU
		{8F1332AE-A31A-419A-9482-6BA8154284A3}.Debug|Any CPU.Build.0 = Debug|Any CPU
		{8F1332AE-A31A-419A-9482-6BA8154284A3}.Release|Any CPU.ActiveCfg = Release|Any CPU
		{8F1332AE-A31A-419A-9482-6BA8154284A3}.Release|Any CPU.Build.0 = Release|Any CPU
	EndGlobalSection
	GlobalSection(SolutionProperties) = preSolution
		HideSolutionNode = FALSE
	EndGlobalSection
	GlobalSection(ExtensibilityGlobals) = postSolution
		SolutionGuid = {1AF43393-23C2-4097-8F2D-4A67C20D848C}
	EndGlobalSection
EndGlobal
